// !$*UTF8*$!
{
	archiveVersion = 1;
	classes = {
	};
	objectVersion = 55;
	objects = {

/* Begin PBXBuildFile section */
		45A33E3628BEC59E002BB3C3 /* AppDelegate.swift in Sources */ = {isa = PBXBuildFile; fileRef = 45A33E3528BEC59E002BB3C3 /* AppDelegate.swift */; };
		45A33E3828BEC59E002BB3C3 /* GameScene.sks in Resources */ = {isa = PBXBuildFile; fileRef = 45A33E3728BEC59E002BB3C3 /* GameScene.sks */; };
		45A33E3C28BEC59E002BB3C3 /* GameScene.swift in Sources */ = {isa = PBXBuildFile; fileRef = 45A33E3B28BEC59E002BB3C3 /* GameScene.swift */; };
		45A33E3E28BEC59E002BB3C3 /* GameViewController.swift in Sources */ = {isa = PBXBuildFile; fileRef = 45A33E3D28BEC59E002BB3C3 /* GameViewController.swift */; };
		45A33E4128BEC59E002BB3C3 /* Main.storyboard in Resources */ = {isa = PBXBuildFile; fileRef = 45A33E3F28BEC59E002BB3C3 /* Main.storyboard */; };
		45A33E4328BEC5A1002BB3C3 /* Assets.xcassets in Resources */ = {isa = PBXBuildFile; fileRef = 45A33E4228BEC5A1002BB3C3 /* Assets.xcassets */; };
		45A33E4628BEC5A1002BB3C3 /* LaunchScreen.storyboard in Resources */ = {isa = PBXBuildFile; fileRef = 45A33E4428BEC5A1002BB3C3 /* LaunchScreen.storyboard */; };
		45A33E6228BEC5E2002BB3C3 /* 22.wav in Resources */ = {isa = PBXBuildFile; fileRef = 45A33E4C28BEC5DF002BB3C3 /* 22.wav */; };
		45A33E6328BEC5E2002BB3C3 /* 17.wav in Resources */ = {isa = PBXBuildFile; fileRef = 45A33E4D28BEC5DF002BB3C3 /* 17.wav */; };
		45A33E6428BEC5E2002BB3C3 /* 21.wav in Resources */ = {isa = PBXBuildFile; fileRef = 45A33E4E28BEC5DF002BB3C3 /* 21.wav */; };
		45A33E6528BEC5E2002BB3C3 /* 3.wav in Resources */ = {isa = PBXBuildFile; fileRef = 45A33E4F28BEC5E0002BB3C3 /* 3.wav */; };
		45A33E6628BEC5E2002BB3C3 /* 2.wav in Resources */ = {isa = PBXBuildFile; fileRef = 45A33E5028BEC5E0002BB3C3 /* 2.wav */; };
		45A33E6728BEC5E2002BB3C3 /* 19.wav in Resources */ = {isa = PBXBuildFile; fileRef = 45A33E5128BEC5E0002BB3C3 /* 19.wav */; };
		45A33E6828BEC5E2002BB3C3 /* 20.wav in Resources */ = {isa = PBXBuildFile; fileRef = 45A33E5228BEC5E0002BB3C3 /* 20.wav */; };
		45A33E6928BEC5E2002BB3C3 /* 1.wav in Resources */ = {isa = PBXBuildFile; fileRef = 45A33E5328BEC5E0002BB3C3 /* 1.wav */; };
		45A33E6A28BEC5E2002BB3C3 /* 6.wav in Resources */ = {isa = PBXBuildFile; fileRef = 45A33E5428BEC5E0002BB3C3 /* 6.wav */; };
		45A33E6B28BEC5E2002BB3C3 /* 14.wav in Resources */ = {isa = PBXBuildFile; fileRef = 45A33E5528BEC5E0002BB3C3 /* 14.wav */; };
		45A33E6C28BEC5E2002BB3C3 /* 5.wav in Resources */ = {isa = PBXBuildFile; fileRef = 45A33E5628BEC5E0002BB3C3 /* 5.wav */; };
		45A33E6D28BEC5E2002BB3C3 /* 8.wav in Resources */ = {isa = PBXBuildFile; fileRef = 45A33E5728BEC5E0002BB3C3 /* 8.wav */; };
		45A33E6E28BEC5E2002BB3C3 /* 13.wav in Resources */ = {isa = PBXBuildFile; fileRef = 45A33E5828BEC5E0002BB3C3 /* 13.wav */; };
		45A33E6F28BEC5E2002BB3C3 /* 16.wav in Resources */ = {isa = PBXBuildFile; fileRef = 45A33E5928BEC5E1002BB3C3 /* 16.wav */; };
		45A33E7028BEC5E2002BB3C3 /* 9.wav in Resources */ = {isa = PBXBuildFile; fileRef = 45A33E5A28BEC5E1002BB3C3 /* 9.wav */; };
		45A33E7128BEC5E2002BB3C3 /* 10.wav in Resources */ = {isa = PBXBuildFile; fileRef = 45A33E5B28BEC5E1002BB3C3 /* 10.wav */; };
		45A33E7228BEC5E2002BB3C3 /* 7.wav in Resources */ = {isa = PBXBuildFile; fileRef = 45A33E5C28BEC5E1002BB3C3 /* 7.wav */; };
		45A33E7328BEC5E2002BB3C3 /* 18.wav in Resources */ = {isa = PBXBuildFile; fileRef = 45A33E5D28BEC5E1002BB3C3 /* 18.wav */; };
		45A33E7428BEC5E2002BB3C3 /* 4.wav in Resources */ = {isa = PBXBuildFile; fileRef = 45A33E5E28BEC5E1002BB3C3 /* 4.wav */; };
		45A33E7528BEC5E2002BB3C3 /* 15.wav in Resources */ = {isa = PBXBuildFile; fileRef = 45A33E5F28BEC5E1002BB3C3 /* 15.wav */; };
		45A33E7628BEC5E2002BB3C3 /* 12.wav in Resources */ = {isa = PBXBuildFile; fileRef = 45A33E6028BEC5E2002BB3C3 /* 12.wav */; };
		45A33E7728BEC5E2002BB3C3 /* 11.wav in Resources */ = {isa = PBXBuildFile; fileRef = 45A33E6128BEC5E2002BB3C3 /* 11.wav */; };
		45A33E7928BEDFA5002BB3C3 /* BouncerNode.swift in Sources */ = {isa = PBXBuildFile; fileRef = 45A33E7828BEDFA5002BB3C3 /* BouncerNode.swift */; };
/* End PBXBuildFile section */

/* Begin PBXFileReference section */
		45A33E3228BEC59E002BB3C3 /* InfiniteBounce.app */ = {isa = PBXFileReference; explicitFileType = wrapper.application; includeInIndex = 0; path = InfiniteBounce.app; sourceTree = BUILT_PRODUCTS_DIR; };
		45A33E3528BEC59E002BB3C3 /* AppDelegate.swift */ = {isa = PBXFileReference; lastKnownFileType = sourcecode.swift; path = AppDelegate.swift; sourceTree = "<group>"; };
		45A33E3728BEC59E002BB3C3 /* GameScene.sks */ = {isa = PBXFileReference; lastKnownFileType = file.sks; path = GameScene.sks; sourceTree = "<group>"; };
		45A33E3B28BEC59E002BB3C3 /* GameScene.swift */ = {isa = PBXFileReference; lastKnownFileType = sourcecode.swift; path = GameScene.swift; sourceTree = "<group>"; };
		45A33E3D28BEC59E002BB3C3 /* GameViewController.swift */ = {isa = PBXFileReference; lastKnownFileType = sourcecode.swift; path = GameViewController.swift; sourceTree = "<group>"; };
		45A33E4028BEC59E002BB3C3 /* Base */ = {isa = PBXFileReference; lastKnownFileType = file.storyboard; name = Base; path = Base.lproj/Main.storyboard; sourceTree = "<group>"; };
		45A33E4228BEC5A1002BB3C3 /* Assets.xcassets */ = {isa = PBXFileReference; lastKnownFileType = folder.assetcatalog; path = Assets.xcassets; sourceTree = "<group>"; };
		45A33E4528BEC5A1002BB3C3 /* Base */ = {isa = PBXFileReference; lastKnownFileType = file.storyboard; name = Base; path = Base.lproj/LaunchScreen.storyboard; sourceTree = "<group>"; };
		45A33E4C28BEC5DF002BB3C3 /* 22.wav */ = {isa = PBXFileReference; lastKnownFileType = audio.wav; path = 22.wav; sourceTree = "<group>"; };
		45A33E4D28BEC5DF002BB3C3 /* 17.wav */ = {isa = PBXFileReference; lastKnownFileType = audio.wav; path = 17.wav; sourceTree = "<group>"; };
		45A33E4E28BEC5DF002BB3C3 /* 21.wav */ = {isa = PBXFileReference; lastKnownFileType = audio.wav; path = 21.wav; sourceTree = "<group>"; };
		45A33E4F28BEC5E0002BB3C3 /* 3.wav */ = {isa = PBXFileReference; lastKnownFileType = audio.wav; path = 3.wav; sourceTree = "<group>"; };
		45A33E5028BEC5E0002BB3C3 /* 2.wav */ = {isa = PBXFileReference; lastKnownFileType = audio.wav; path = 2.wav; sourceTree = "<group>"; };
		45A33E5128BEC5E0002BB3C3 /* 19.wav */ = {isa = PBXFileReference; lastKnownFileType = audio.wav; path = 19.wav; sourceTree = "<group>"; };
		45A33E5228BEC5E0002BB3C3 /* 20.wav */ = {isa = PBXFileReference; lastKnownFileType = audio.wav; path = 20.wav; sourceTree = "<group>"; };
		45A33E5328BEC5E0002BB3C3 /* 1.wav */ = {isa = PBXFileReference; lastKnownFileType = audio.wav; path = 1.wav; sourceTree = "<group>"; };
		45A33E5428BEC5E0002BB3C3 /* 6.wav */ = {isa = PBXFileReference; lastKnownFileType = audio.wav; path = 6.wav; sourceTree = "<group>"; };
		45A33E5528BEC5E0002BB3C3 /* 14.wav */ = {isa = PBXFileReference; lastKnownFileType = audio.wav; path = 14.wav; sourceTree = "<group>"; };
		45A33E5628BEC5E0002BB3C3 /* 5.wav */ = {isa = PBXFileReference; lastKnownFileType = audio.wav; path = 5.wav; sourceTree = "<group>"; };
		45A33E5728BEC5E0002BB3C3 /* 8.wav */ = {isa = PBXFileReference; lastKnownFileType = audio.wav; path = 8.wav; sourceTree = "<group>"; };
		45A33E5828BEC5E0002BB3C3 /* 13.wav */ = {isa = PBXFileReference; lastKnownFileType = audio.wav; path = 13.wav; sourceTree = "<group>"; };
		45A33E5928BEC5E1002BB3C3 /* 16.wav */ = {isa = PBXFileReference; lastKnownFileType = audio.wav; path = 16.wav; sourceTree = "<group>"; };
		45A33E5A28BEC5E1002BB3C3 /* 9.wav */ = {isa = PBXFileReference; lastKnownFileType = audio.wav; path = 9.wav; sourceTree = "<group>"; };
		45A33E5B28BEC5E1002BB3C3 /* 10.wav */ = {isa = PBXFileReference; lastKnownFileType = audio.wav; path = 10.wav; sourceTree = "<group>"; };
		45A33E5C28BEC5E1002BB3C3 /* 7.wav */ = {isa = PBXFileReference; lastKnownFileType = audio.wav; path = 7.wav; sourceTree = "<group>"; };
		45A33E5D28BEC5E1002BB3C3 /* 18.wav */ = {isa = PBXFileReference; lastKnownFileType = audio.wav; path = 18.wav; sourceTree = "<group>"; };
		45A33E5E28BEC5E1002BB3C3 /* 4.wav */ = {isa = PBXFileReference; lastKnownFileType = audio.wav; path = 4.wav; sourceTree = "<group>"; };
		45A33E5F28BEC5E1002BB3C3 /* 15.wav */ = {isa = PBXFileReference; lastKnownFileType = audio.wav; path = 15.wav; sourceTree = "<group>"; };
		45A33E6028BEC5E2002BB3C3 /* 12.wav */ = {isa = PBXFileReference; lastKnownFileType = audio.wav; path = 12.wav; sourceTree = "<group>"; };
		45A33E6128BEC5E2002BB3C3 /* 11.wav */ = {isa = PBXFileReference; lastKnownFileType = audio.wav; path = 11.wav; sourceTree = "<group>"; };
		45A33E7828BEDFA5002BB3C3 /* BouncerNode.swift */ = {isa = PBXFileReference; lastKnownFileType = sourcecode.swift; path = BouncerNode.swift; sourceTree = "<group>"; };
/* End PBXFileReference section */

/* Begin PBXFrameworksBuildPhase section */
		45A33E2F28BEC59E002BB3C3 /* Frameworks */ = {
			isa = PBXFrameworksBuildPhase;
			buildActionMask = 2147483647;
			files = (
			);
			runOnlyForDeploymentPostprocessing = 0;
		};
/* End PBXFrameworksBuildPhase section */

/* Begin PBXGroup section */
		45A33E2928BEC59E002BB3C3 = {
			isa = PBXGroup;
			children = (
				45A33E3428BEC59E002BB3C3 /* InfiniteBounce */,
				45A33E3328BEC59E002BB3C3 /* Products */,
			);
			sourceTree = "<group>";
		};
		45A33E3328BEC59E002BB3C3 /* Products */ = {
			isa = PBXGroup;
			children = (
				45A33E3228BEC59E002BB3C3 /* InfiniteBounce.app */,
			);
			name = Products;
			sourceTree = "<group>";
		};
		45A33E3428BEC59E002BB3C3 /* InfiniteBounce */ = {
			isa = PBXGroup;
			children = (
				45A33E3528BEC59E002BB3C3 /* AppDelegate.swift */,
				45A33E3728BEC59E002BB3C3 /* GameScene.sks */,
				45A33E3B28BEC59E002BB3C3 /* GameScene.swift */,
				45A33E7828BEDFA5002BB3C3 /* BouncerNode.swift */,
				45A33E3D28BEC59E002BB3C3 /* GameViewController.swift */,
				45A33E3F28BEC59E002BB3C3 /* Main.storyboard */,
				45A33E4228BEC5A1002BB3C3 /* Assets.xcassets */,
				45A33E4428BEC5A1002BB3C3 /* LaunchScreen.storyboard */,
				45A33E5328BEC5E0002BB3C3 /* 1.wav */,
				45A33E5028BEC5E0002BB3C3 /* 2.wav */,
				45A33E4F28BEC5E0002BB3C3 /* 3.wav */,
				45A33E5E28BEC5E1002BB3C3 /* 4.wav */,
				45A33E5628BEC5E0002BB3C3 /* 5.wav */,
				45A33E5428BEC5E0002BB3C3 /* 6.wav */,
				45A33E5C28BEC5E1002BB3C3 /* 7.wav */,
				45A33E5728BEC5E0002BB3C3 /* 8.wav */,
				45A33E5A28BEC5E1002BB3C3 /* 9.wav */,
				45A33E5B28BEC5E1002BB3C3 /* 10.wav */,
				45A33E6128BEC5E2002BB3C3 /* 11.wav */,
				45A33E6028BEC5E2002BB3C3 /* 12.wav */,
				45A33E5828BEC5E0002BB3C3 /* 13.wav */,
				45A33E5528BEC5E0002BB3C3 /* 14.wav */,
				45A33E5F28BEC5E1002BB3C3 /* 15.wav */,
				45A33E5928BEC5E1002BB3C3 /* 16.wav */,
				45A33E4D28BEC5DF002BB3C3 /* 17.wav */,
				45A33E5D28BEC5E1002BB3C3 /* 18.wav */,
				45A33E5128BEC5E0002BB3C3 /* 19.wav */,
				45A33E5228BEC5E0002BB3C3 /* 20.wav */,
				45A33E4E28BEC5DF002BB3C3 /* 21.wav */,
				45A33E4C28BEC5DF002BB3C3 /* 22.wav */,
			);
			path = InfiniteBounce;
			sourceTree = "<group>";
		};
/* End PBXGroup section */

/* Begin PBXNativeTarget section */
		45A33E3128BEC59E002BB3C3 /* InfiniteBounce */ = {
			isa = PBXNativeTarget;
			buildConfigurationList = 45A33E4928BEC5A1002BB3C3 /* Build configuration list for PBXNativeTarget "InfiniteBounce" */;
			buildPhases = (
				45A33E2E28BEC59E002BB3C3 /* Sources */,
				45A33E2F28BEC59E002BB3C3 /* Frameworks */,
				45A33E3028BEC59E002BB3C3 /* Resources */,
			);
			buildRules = (
			);
			dependencies = (
			);
			name = InfiniteBounce;
			productName = InfiniteBounce;
			productReference = 45A33E3228BEC59E002BB3C3 /* InfiniteBounce.app */;
			productType = "com.apple.product-type.application";
		};
/* End PBXNativeTarget section */

/* Begin PBXProject section */
		45A33E2A28BEC59E002BB3C3 /* Project object */ = {
			isa = PBXProject;
			attributes = {
				BuildIndependentTargetsInParallel = 1;
				LastSwiftUpdateCheck = 1340;
				LastUpgradeCheck = 1340;
				TargetAttributes = {
					45A33E3128BEC59E002BB3C3 = {
						CreatedOnToolsVersion = 13.4.1;
					};
				};
			};
			buildConfigurationList = 45A33E2D28BEC59E002BB3C3 /* Build configuration list for PBXProject "InfiniteBounce" */;
			compatibilityVersion = "Xcode 13.0";
			developmentRegion = en;
			hasScannedForEncodings = 0;
			knownRegions = (
				en,
				Base,
			);
			mainGroup = 45A33E2928BEC59E002BB3C3;
			productRefGroup = 45A33E3328BEC59E002BB3C3 /* Products */;
			projectDirPath = "";
			projectRoot = "";
			targets = (
				45A33E3128BEC59E002BB3C3 /* InfiniteBounce */,
			);
		};
/* End PBXProject section */

/* Begin PBXResourcesBuildPhase section */
		45A33E3028BEC59E002BB3C3 /* Resources */ = {
			isa = PBXResourcesBuildPhase;
			buildActionMask = 2147483647;
			files = (
				45A33E7228BEC5E2002BB3C3 /* 7.wav in Resources */,
				45A33E6E28BEC5E2002BB3C3 /* 13.wav in Resources */,
				45A33E7728BEC5E2002BB3C3 /* 11.wav in Resources */,
				45A33E6728BEC5E2002BB3C3 /* 19.wav in Resources */,
				45A33E4128BEC59E002BB3C3 /* Main.storyboard in Resources */,
				45A33E3828BEC59E002BB3C3 /* GameScene.sks in Resources */,
				45A33E7528BEC5E2002BB3C3 /* 15.wav in Resources */,
				45A33E6228BEC5E2002BB3C3 /* 22.wav in Resources */,
				45A33E6828BEC5E2002BB3C3 /* 20.wav in Resources */,
				45A33E7128BEC5E2002BB3C3 /* 10.wav in Resources */,
				45A33E6B28BEC5E2002BB3C3 /* 14.wav in Resources */,
				45A33E6F28BEC5E2002BB3C3 /* 16.wav in Resources */,
				45A33E6C28BEC5E2002BB3C3 /* 5.wav in Resources */,
				45A33E6928BEC5E2002BB3C3 /* 1.wav in Resources */,
				45A33E7628BEC5E2002BB3C3 /* 12.wav in Resources */,
				45A33E6D28BEC5E2002BB3C3 /* 8.wav in Resources */,
				45A33E6628BEC5E2002BB3C3 /* 2.wav in Resources */,
				45A33E4328BEC5A1002BB3C3 /* Assets.xcassets in Resources */,
				45A33E7328BEC5E2002BB3C3 /* 18.wav in Resources */,
				45A33E4628BEC5A1002BB3C3 /* LaunchScreen.storyboard in Resources */,
				45A33E7028BEC5E2002BB3C3 /* 9.wav in Resources */,
				45A33E6A28BEC5E2002BB3C3 /* 6.wav in Resources */,
				45A33E6428BEC5E2002BB3C3 /* 21.wav in Resources */,
				45A33E6528BEC5E2002BB3C3 /* 3.wav in Resources */,
				45A33E7428BEC5E2002BB3C3 /* 4.wav in Resources */,
				45A33E6328BEC5E2002BB3C3 /* 17.wav in Resources */,
			);
			runOnlyForDeploymentPostprocessing = 0;
		};
/* End PBXResourcesBuildPhase section */

/* Begin PBXSourcesBuildPhase section */
		45A33E2E28BEC59E002BB3C3 /* Sources */ = {
			isa = PBXSourcesBuildPhase;
			buildActionMask = 2147483647;
			files = (
				45A33E7928BEDFA5002BB3C3 /* BouncerNode.swift in Sources */,
				45A33E3C28BEC59E002BB3C3 /* GameScene.swift in Sources */,
				45A33E3E28BEC59E002BB3C3 /* GameViewController.swift in Sources */,
				45A33E3628BEC59E002BB3C3 /* AppDelegate.swift in Sources */,
			);
			runOnlyForDeploymentPostprocessing = 0;
		};
/* End PBXSourcesBuildPhase section */

/* Begin PBXVariantGroup section */
		45A33E3F28BEC59E002BB3C3 /* Main.storyboard */ = {
			isa = PBXVariantGroup;
			children = (
				45A33E4028BEC59E002BB3C3 /* Base */,
			);
			name = Main.storyboard;
			sourceTree = "<group>";
		};
		45A33E4428BEC5A1002BB3C3 /* LaunchScreen.storyboard */ = {
			isa = PBXVariantGroup;
			children = (
				45A33E4528BEC5A1002BB3C3 /* Base */,
			);
			name = LaunchScreen.storyboard;
			sourceTree = "<group>";
		};
/* End PBXVariantGroup section */

/* Begin XCBuildConfiguration section */
		45A33E4728BEC5A1002BB3C3 /* Debug */ = {
			isa = XCBuildConfiguration;
			buildSettings = {
				ALWAYS_SEARCH_USER_PATHS = NO;
				CLANG_ANALYZER_NONNULL = YES;
				CLANG_ANALYZER_NUMBER_OBJECT_CONVERSION = YES_AGGRESSIVE;
				CLANG_CXX_LANGUAGE_STANDARD = "gnu++17";
				CLANG_ENABLE_MODULES = YES;
				CLANG_ENABLE_OBJC_ARC = YES;
				CLANG_ENABLE_OBJC_WEAK = YES;
				CLANG_WARN_BLOCK_CAPTURE_AUTORELEASING = YES;
				CLANG_WARN_BOOL_CONVERSION = YES;
				CLANG_WARN_COMMA = YES;
				CLANG_WARN_CONSTANT_CONVERSION = YES;
				CLANG_WARN_DEPRECATED_OBJC_IMPLEMENTATIONS = YES;
				CLANG_WARN_DIRECT_OBJC_ISA_USAGE = YES_ERROR;
				CLANG_WARN_DOCUMENTATION_COMMENTS = YES;
				CLANG_WARN_EMPTY_BODY = YES;
				CLANG_WARN_ENUM_CONVERSION = YES;
				CLANG_WARN_INFINITE_RECURSION = YES;
				CLANG_WARN_INT_CONVERSION = YES;
				CLANG_WARN_NON_LITERAL_NULL_CONVERSION = YES;
				CLANG_WARN_OBJC_IMPLICIT_RETAIN_SELF = YES;
				CLANG_WARN_OBJC_LITERAL_CONVERSION = YES;
				CLANG_WARN_OBJC_ROOT_CLASS = YES_ERROR;
				CLANG_WARN_QUOTED_INCLUDE_IN_FRAMEWORK_HEADER = YES;
				CLANG_WARN_RANGE_LOOP_ANALYSIS = YES;
				CLANG_WARN_STRICT_PROTOTYPES = YES;
				CLANG_WARN_SUSPICIOUS_MOVE = YES;
				CLANG_WARN_UNGUARDED_AVAILABILITY = YES_AGGRESSIVE;
				CLANG_WARN_UNREACHABLE_CODE = YES;
				CLANG_WARN__DUPLICATE_METHOD_MATCH = YES;
				COPY_PHASE_STRIP = NO;
				DEBUG_INFORMATION_FORMAT = dwarf;
				ENABLE_STRICT_OBJC_MSGSEND = YES;
				ENABLE_TESTABILITY = YES;
				GCC_C_LANGUAGE_STANDARD = gnu11;
				GCC_DYNAMIC_NO_PIC = NO;
				GCC_NO_COMMON_BLOCKS = YES;
				GCC_OPTIMIZATION_LEVEL = 0;
				GCC_PREPROCESSOR_DEFINITIONS = (
					"DEBUG=1",
					"$(inherited)",
				);
				GCC_WARN_64_TO_32_BIT_CONVERSION = YES;
				GCC_WARN_ABOUT_RETURN_TYPE = YES_ERROR;
				GCC_WARN_UNDECLARED_SELECTOR = YES;
				GCC_WARN_UNINITIALIZED_AUTOS = YES_AGGRESSIVE;
				GCC_WARN_UNUSED_FUNCTION = YES;
				GCC_WARN_UNUSED_VARIABLE = YES;
				IPHONEOS_DEPLOYMENT_TARGET = 15.5;
				MTL_ENABLE_DEBUG_INFO = INCLUDE_SOURCE;
				MTL_FAST_MATH = YES;
				ONLY_ACTIVE_ARCH = YES;
				SDKROOT = iphoneos;
				SWIFT_ACTIVE_COMPILATION_CONDITIONS = DEBUG;
				SWIFT_OPTIMIZATION_LEVEL = "-Onone";
			};
			name = Debug;
		};
		45A33E4828BEC5A1002BB3C3 /* Release */ = {
			isa = XCBuildConfiguration;
			buildSettings = {
				ALWAYS_SEARCH_USER_PATHS = NO;
				CLANG_ANALYZER_NONNULL = YES;
				CLANG_ANALYZER_NUMBER_OBJECT_CONVERSION = YES_AGGRESSIVE;
				CLANG_CXX_LANGUAGE_STANDARD = "gnu++17";
				CLANG_ENABLE_MODULES = YES;
				CLANG_ENABLE_OBJC_ARC = YES;
				CLANG_ENABLE_OBJC_WEAK = YES;
				CLANG_WARN_BLOCK_CAPTURE_AUTORELEASING = YES;
				CLANG_WARN_BOOL_CONVERSION = YES;
				CLANG_WARN_COMMA = YES;
				CLANG_WARN_CONSTANT_CONVERSION = YES;
				CLANG_WARN_DEPRECATED_OBJC_IMPLEMENTATIONS = YES;
				CLANG_WARN_DIRECT_OBJC_ISA_USAGE = YES_ERROR;
				CLANG_WARN_DOCUMENTATION_COMMENTS = YES;
				CLANG_WARN_EMPTY_BODY = YES;
				CLANG_WARN_ENUM_CONVERSION = YES;
				CLANG_WARN_INFINITE_RECURSION = YES;
				CLANG_WARN_INT_CONVERSION = YES;
				CLANG_WARN_NON_LITERAL_NULL_CONVERSION = YES;
				CLANG_WARN_OBJC_IMPLICIT_RETAIN_SELF = YES;
				CLANG_WARN_OBJC_LITERAL_CONVERSION = YES;
				CLANG_WARN_OBJC_ROOT_CLASS = YES_ERROR;
				CLANG_WARN_QUOTED_INCLUDE_IN_FRAMEWORK_HEADER = YES;
				CLANG_WARN_RANGE_LOOP_ANALYSIS = YES;
				CLANG_WARN_STRICT_PROTOTYPES = YES;
				CLANG_WARN_SUSPICIOUS_MOVE = YES;
				CLANG_WARN_UNGUARDED_AVAILABILITY = YES_AGGRESSIVE;
				CLANG_WARN_UNREACHABLE_CODE = YES;
				CLANG_WARN__DUPLICATE_METHOD_MATCH = YES;
				COPY_PHASE_STRIP = NO;
				DEBUG_INFORMATION_FORMAT = "dwarf-with-dsym";
				ENABLE_NS_ASSERTIONS = NO;
				ENABLE_STRICT_OBJC_MSGSEND = YES;
				GCC_C_LANGUAGE_STANDARD = gnu11;
				GCC_NO_COMMON_BLOCKS = YES;
				GCC_WARN_64_TO_32_BIT_CONVERSION = YES;
				GCC_WARN_ABOUT_RETURN_TYPE = YES_ERROR;
				GCC_WARN_UNDECLARED_SELECTOR = YES;
				GCC_WARN_UNINITIALIZED_AUTOS = YES_AGGRESSIVE;
				GCC_WARN_UNUSED_FUNCTION = YES;
				GCC_WARN_UNUSED_VARIABLE = YES;
				IPHONEOS_DEPLOYMENT_TARGET = 15.5;
				MTL_ENABLE_DEBUG_INFO = NO;
				MTL_FAST_MATH = YES;
				SDKROOT = iphoneos;
				SWIFT_COMPILATION_MODE = wholemodule;
				SWIFT_OPTIMIZATION_LEVEL = "-O";
				VALIDATE_PRODUCT = YES;
			};
			name = Release;
		};
		45A33E4A28BEC5A1002BB3C3 /* Debug */ = {
			isa = XCBuildConfiguration;
			buildSettings = {
				ASSETCATALOG_COMPILER_APPICON_NAME = AppIcon;
				ASSETCATALOG_COMPILER_GLOBAL_ACCENT_COLOR_NAME = AccentColor;
				CODE_SIGN_STYLE = Automatic;
				CURRENT_PROJECT_VERSION = 1;
				DEVELOPMENT_TEAM = 934ZDCDQ72;
				GENERATE_INFOPLIST_FILE = YES;
				INFOPLIST_KEY_UIApplicationSupportsIndirectInputEvents = YES;
				INFOPLIST_KEY_UILaunchStoryboardName = LaunchScreen;
				INFOPLIST_KEY_UIMainStoryboardFile = Main;
				INFOPLIST_KEY_UIStatusBarHidden = YES;
				INFOPLIST_KEY_UISupportedInterfaceOrientations = UIInterfaceOrientationPortrait;
				INFOPLIST_KEY_UISupportedInterfaceOrientations_iPad = "UIInterfaceOrientationPortrait UIInterfaceOrientationPortraitUpsideDown UIInterfaceOrientationLandscapeLeft UIInterfaceOrientationLandscapeRight";
				INFOPLIST_KEY_UISupportedInterfaceOrientations_iPhone = "UIInterfaceOrientationPortrait UIInterfaceOrientationLandscapeLeft UIInterfaceOrientationLandscapeRight";
				LD_RUNPATH_SEARCH_PATHS = (
					"$(inherited)",
					"@executable_path/Frameworks",
				);
				MARKETING_VERSION = 1.0;
				PRODUCT_BUNDLE_IDENTIFIER = me.Martinez.Robert.InfiniteBounce;
				PRODUCT_NAME = "$(TARGET_NAME)";
				SWIFT_EMIT_LOC_STRINGS = YES;
				SWIFT_VERSION = 5.0;
				TARGETED_DEVICE_FAMILY = 1;
			};
			name = Debug;
		};
		45A33E4B28BEC5A1002BB3C3 /* Release */ = {
			isa = XCBuildConfiguration;
			buildSettings = {
				ASSETCATALOG_COMPILER_APPICON_NAME = AppIcon;
				ASSETCATALOG_COMPILER_GLOBAL_ACCENT_COLOR_NAME = AccentColor;
				CODE_SIGN_STYLE = Automatic;
				CURRENT_PROJECT_VERSION = 1;
				DEVELOPMENT_TEAM = 934ZDCDQ72;
				GENERATE_INFOPLIST_FILE = YES;
				INFOPLIST_KEY_UIApplicationSupportsIndirectInputEvents = YES;
				INFOPLIST_KEY_UILaunchStoryboardName = LaunchScreen;
				INFOPLIST_KEY_UIMainStoryboardFile = Main;
				INFOPLIST_KEY_UIStatusBarHidden = YES;
				INFOPLIST_KEY_UISupportedInterfaceOrientations = UIInterfaceOrientationPortrait;
				INFOPLIST_KEY_UISupportedInterfaceOrientations_iPad = "UIInterfaceOrientationPortrait UIInterfaceOrientationPortraitUpsideDown UIInterfaceOrientationLandscapeLeft UIInterfaceOrientationLandscapeRight";
				INFOPLIST_KEY_UISupportedInterfaceOrientations_iPhone = "UIInterfaceOrientationPortrait UIInterfaceOrientationLandscapeLeft UIInterfaceOrientationLandscapeRight";
				LD_RUNPATH_SEARCH_PATHS = (
					"$(inherited)",
					"@executable_path/Frameworks",
				);
				MARKETING_VERSION = 1.0;
				PRODUCT_BUNDLE_IDENTIFIER = me.Martinez.Robert.InfiniteBounce;
				PRODUCT_NAME = "$(TARGET_NAME)";
				SWIFT_EMIT_LOC_STRINGS = YES;
				SWIFT_VERSION = 5.0;
				TARGETED_DEVICE_FAMILY = 1;
			};
			name = Release;
		};
/* End XCBuildConfiguration section */

/* Begin XCConfigurationList section */
		45A33E2D28BEC59E002BB3C3 /* Build configuration list for PBXProject "InfiniteBounce" */ = {
			isa = XCConfigurationList;
			buildConfigurations = (
				45A33E4728BEC5A1002BB3C3 /* Debug */,
				45A33E4828BEC5A1002BB3C3 /* Release */,
			);
			defaultConfigurationIsVisible = 0;
			defaultConfigurationName = Release;
		};
		45A33E4928BEC5A1002BB3C3 /* Build configuration list for PBXNativeTarget "InfiniteBounce" */ = {
			isa = XCConfigurationList;
			buildConfigurations = (
				45A33E4A28BEC5A1002BB3C3 /* Debug */,
				45A33E4B28BEC5A1002BB3C3 /* Release */,
			);
			defaultConfigurationIsVisible = 0;
			defaultConfigurationName = Release;
		};
/* End XCConfigurationList section */
	};
	rootObject = 45A33E2A28BEC59E002BB3C3 /* Project object */;
}
